{
  "version": 4,
  "terraform_version": "0.12.28",
  "serial": 46,
  "lineage": "238417ef-e659-94c1-ec55-8e4e34d23c93",
  "outputs": {},
  "resources": [
    {
      "mode": "managed",
      "type": "azurerm_availability_set",
      "name": "avset",
      "provider": "provider.azurerm",
      "instances": [
        {
          "schema_version": 0,
          "attributes": {
            "id": "/subscriptions/ff04471a-bb4c-4a06-9ff0-fda4c38e5fbd/resourceGroups/AzFirewall-Handson-RG-local/providers/Microsoft.Compute/availabilitySets/vmavset-spokevm",
            "location": "japaneast",
            "managed": true,
            "name": "vmavset-spokevm",
            "platform_fault_domain_count": 2,
            "platform_update_domain_count": 5,
            "proximity_placement_group_id": null,
            "resource_group_name": "AzFirewall-Handson-RG-local",
            "tags": null,
            "timeouts": null
          },
          "private": "eyJlMmJmYjczMC1lY2FhLTExZTYtOGY4OC0zNDM2M2JjN2M0YzAiOnsiY3JlYXRlIjoxODAwMDAwMDAwMDAwLCJkZWxldGUiOjE4MDAwMDAwMDAwMDAsInJlYWQiOjMwMDAwMDAwMDAwMCwidXBkYXRlIjoxODAwMDAwMDAwMDAwfX0=",
          "dependencies": [
            "azurerm_resource_group.rg"
          ]
        }
      ]
    },
    {
      "mode": "managed",
      "type": "azurerm_bastion_host",
      "name": "bastionhost",
      "provider": "provider.azurerm",
      "instances": [
        {
          "schema_version": 0,
          "attributes": {
            "dns_name": "bst-9db77d10-5d81-4880-9081-5a10e0fb9f74.bastion.azure.com",
            "id": "/subscriptions/ff04471a-bb4c-4a06-9ff0-fda4c38e5fbd/resourceGroups/AzFirewall-Handson-RG-local/providers/Microsoft.Network/bastionHosts/demobastion",
            "ip_configuration": [
              {
                "name": "configuration",
                "public_ip_address_id": "/subscriptions/ff04471a-bb4c-4a06-9ff0-fda4c38e5fbd/resourceGroups/AzFirewall-Handson-RG-local/providers/Microsoft.Network/publicIPAddresses/bastionpip",
                "subnet_id": "/subscriptions/ff04471a-bb4c-4a06-9ff0-fda4c38e5fbd/resourceGroups/AzFirewall-Handson-RG-local/providers/Microsoft.Network/virtualNetworks/hubvnet/subnets/AzureBastionSubnet"
              }
            ],
            "location": "japaneast",
            "name": "demobastion",
            "resource_group_name": "AzFirewall-Handson-RG-local",
            "tags": null,
            "timeouts": null
          },
          "private": "eyJlMmJmYjczMC1lY2FhLTExZTYtOGY4OC0zNDM2M2JjN2M0YzAiOnsiY3JlYXRlIjoxODAwMDAwMDAwMDAwLCJkZWxldGUiOjE4MDAwMDAwMDAwMDAsInJlYWQiOjMwMDAwMDAwMDAwMCwidXBkYXRlIjoxODAwMDAwMDAwMDAwfX0=",
          "dependencies": [
            "azurerm_public_ip.bastionpip",
            "azurerm_resource_group.rg",
            "azurerm_subnet.AzureBastionSubnet",
            "azurerm_virtual_network.hubvnet"
          ]
        }
      ]
    },
    {
      "mode": "managed",
      "type": "azurerm_firewall",
      "name": "azfirewall",
      "provider": "provider.azurerm",
      "instances": []
    },
    {
      "mode": "managed",
      "type": "azurerm_firewall_application_rule_collection",
      "name": "azfirewall-apprules",
      "provider": "provider.azurerm",
      "instances": []
    },
    {
      "mode": "managed",
      "type": "azurerm_firewall_nat_rule_collection",
      "name": "fd2fwnat",
      "provider": "provider.azurerm",
      "instances": []
    },
    {
      "mode": "managed",
      "type": "azurerm_firewall_network_rule_collection",
      "name": "azfirewall-netrules",
      "provider": "provider.azurerm",
      "instances": []
    },
    {
      "mode": "managed",
      "type": "azurerm_frontdoor",
      "name": "azfrontdoor",
      "provider": "provider.azurerm",
      "instances": [
        {
          "schema_version": 1,
          "attributes": {
            "backend_pool": [
              {
                "backend": [
                  {
                    "address": "20.44.142.7",
                    "enabled": true,
                    "host_header": "mytest",
                    "http_port": 80,
                    "https_port": 443,
                    "priority": 1,
                    "weight": 50
                  }
                ],
                "health_probe_name": "exampleHealthProbeSetting1",
                "id": "/subscriptions/ff04471a-bb4c-4a06-9ff0-fda4c38e5fbd/resourcegroups/AzFirewall-Handson-RG-local/providers/Microsoft.Network/Frontdoors/azfwfrontdoorlocal/BackendPools/exampleBackend",
                "load_balancing_name": "exampleLoadBalancingSettings1",
                "name": "exampleBackend"
              }
            ],
            "backend_pool_health_probe": [
              {
                "enabled": true,
                "id": "/subscriptions/ff04471a-bb4c-4a06-9ff0-fda4c38e5fbd/resourcegroups/AzFirewall-Handson-RG-local/providers/Microsoft.Network/Frontdoors/azfwfrontdoorlocal/HealthProbeSettings/exampleHealthProbeSetting1",
                "interval_in_seconds": 120,
                "name": "exampleHealthProbeSetting1",
                "path": "/",
                "probe_method": "GET",
                "protocol": "Http"
              }
            ],
            "backend_pool_load_balancing": [
              {
                "additional_latency_milliseconds": 0,
                "id": "/subscriptions/ff04471a-bb4c-4a06-9ff0-fda4c38e5fbd/resourcegroups/AzFirewall-Handson-RG-local/providers/Microsoft.Network/Frontdoors/azfwfrontdoorlocal/LoadBalancingSettings/exampleLoadBalancingSettings1",
                "name": "exampleLoadBalancingSettings1",
                "sample_size": 4,
                "successful_samples_required": 2
              }
            ],
            "backend_pools_send_receive_timeout_seconds": 60,
            "cname": "azfwfrontdoorlocal.azurefd.net",
            "enforce_backend_pools_certificate_name_check": false,
            "friendly_name": "",
            "frontend_endpoint": [
              {
                "custom_https_configuration": [],
                "custom_https_provisioning_enabled": false,
                "host_name": "azfwfrontdoorlocal.azurefd.net",
                "id": "/subscriptions/ff04471a-bb4c-4a06-9ff0-fda4c38e5fbd/resourcegroups/AzFirewall-Handson-RG-local/providers/Microsoft.Network/frontdoors/azfwfrontdoorlocal/frontendendpoints/exampleFrontendEndpoint1",
                "name": "exampleFrontendEndpoint1",
                "session_affinity_enabled": false,
                "session_affinity_ttl_seconds": 0,
                "web_application_firewall_policy_link_id": ""
              }
            ],
            "header_frontdoor_id": "c209ff39-6038-440b-a04a-4afe5fa596b5",
            "id": "/subscriptions/ff04471a-bb4c-4a06-9ff0-fda4c38e5fbd/resourcegroups/AzFirewall-Handson-RG-local/providers/Microsoft.Network/frontdoors/azfwfrontdoorlocal",
            "load_balancer_enabled": true,
            "location": "global",
            "name": "azfwfrontdoorlocal",
            "resource_group_name": "AzFirewall-Handson-RG-local",
            "routing_rule": [
              {
                "accepted_protocols": [
                  "Http"
                ],
                "enabled": true,
                "forwarding_configuration": [
                  {
                    "backend_pool_name": "exampleBackend",
                    "cache_enabled": false,
                    "cache_query_parameter_strip_directive": "StripAll",
                    "cache_use_dynamic_compression": false,
                    "custom_forwarding_path": "",
                    "forwarding_protocol": "HttpOnly"
                  }
                ],
                "frontend_endpoints": [
                  "exampleFrontendEndpoint1"
                ],
                "id": "/subscriptions/ff04471a-bb4c-4a06-9ff0-fda4c38e5fbd/resourcegroups/AzFirewall-Handson-RG-local/providers/Microsoft.Network/Frontdoors/azfwfrontdoorlocal/RoutingRules/exampleRoutingRule1",
                "name": "exampleRoutingRule1",
                "patterns_to_match": [
                  "/*"
                ],
                "redirect_configuration": []
              }
            ],
            "tags": null,
            "timeouts": null
          },
          "private": "eyJlMmJmYjczMC1lY2FhLTExZTYtOGY4OC0zNDM2M2JjN2M0YzAiOnsiY3JlYXRlIjoyMTYwMDAwMDAwMDAwMCwiZGVsZXRlIjoyMTYwMDAwMDAwMDAwMCwicmVhZCI6MzAwMDAwMDAwMDAwLCJ1cGRhdGUiOjIxNjAwMDAwMDAwMDAwfSwic2NoZW1hX3ZlcnNpb24iOiIxIn0=",
          "dependencies": [
            "azurerm_public_ip.azfirewallpip",
            "azurerm_resource_group.rg"
          ]
        }
      ]
    },
    {
      "mode": "managed",
      "type": "azurerm_lb",
      "name": "lbspokeweb",
      "provider": "provider.azurerm",
      "instances": [
        {
          "schema_version": 0,
          "attributes": {
            "frontend_ip_configuration": [
              {
                "id": "/subscriptions/ff04471a-bb4c-4a06-9ff0-fda4c38e5fbd/resourceGroups/AzFirewall-Handson-RG-local/providers/Microsoft.Network/loadBalancers/lbspokeweb/frontendIPConfigurations/PrivateIPAddress",
                "inbound_nat_rules": [],
                "load_balancer_rules": [],
                "name": "PrivateIPAddress",
                "outbound_rules": [],
                "private_ip_address": "10.1.1.100",
                "private_ip_address_allocation": "Static",
                "private_ip_address_version": "IPv4",
                "public_ip_address_id": "",
                "public_ip_prefix_id": "",
                "subnet_id": "/subscriptions/ff04471a-bb4c-4a06-9ff0-fda4c38e5fbd/resourceGroups/AzFirewall-Handson-RG-local/providers/Microsoft.Network/virtualNetworks/spokevnet/subnets/websubnet",
                "zones": null
              }
            ],
            "id": "/subscriptions/ff04471a-bb4c-4a06-9ff0-fda4c38e5fbd/resourceGroups/AzFirewall-Handson-RG-local/providers/Microsoft.Network/loadBalancers/lbspokeweb",
            "location": "japaneast",
            "name": "lbspokeweb",
            "private_ip_address": "10.1.1.100",
            "private_ip_addresses": [
              "10.1.1.100"
            ],
            "resource_group_name": "AzFirewall-Handson-RG-local",
            "sku": "Basic",
            "tags": null,
            "timeouts": null
          },
          "private": "eyJlMmJmYjczMC1lY2FhLTExZTYtOGY4OC0zNDM2M2JjN2M0YzAiOnsiY3JlYXRlIjoxODAwMDAwMDAwMDAwLCJkZWxldGUiOjE4MDAwMDAwMDAwMDAsInJlYWQiOjMwMDAwMDAwMDAwMCwidXBkYXRlIjoxODAwMDAwMDAwMDAwfX0=",
          "dependencies": [
            "azurerm_resource_group.rg",
            "azurerm_subnet.websubnet",
            "azurerm_virtual_network.spokevnet"
          ]
        }
      ]
    },
    {
      "mode": "managed",
      "type": "azurerm_lb_backend_address_pool",
      "name": "lb-backendpool",
      "provider": "provider.azurerm",
      "instances": [
        {
          "schema_version": 0,
          "attributes": {
            "backend_ip_configurations": [],
            "id": "/subscriptions/ff04471a-bb4c-4a06-9ff0-fda4c38e5fbd/resourceGroups/AzFirewall-Handson-RG-local/providers/Microsoft.Network/loadBalancers/lbspokeweb/backendAddressPools/BackEndAddressPool",
            "load_balancing_rules": [],
            "loadbalancer_id": "/subscriptions/ff04471a-bb4c-4a06-9ff0-fda4c38e5fbd/resourceGroups/AzFirewall-Handson-RG-local/providers/Microsoft.Network/loadBalancers/lbspokeweb",
            "name": "BackEndAddressPool",
            "resource_group_name": "AzFirewall-Handson-RG-local",
            "timeouts": null
          },
          "private": "eyJlMmJmYjczMC1lY2FhLTExZTYtOGY4OC0zNDM2M2JjN2M0YzAiOnsiY3JlYXRlIjoxODAwMDAwMDAwMDAwLCJkZWxldGUiOjE4MDAwMDAwMDAwMDAsInJlYWQiOjMwMDAwMDAwMDAwMCwidXBkYXRlIjoxODAwMDAwMDAwMDAwfX0=",
          "dependencies": [
            "azurerm_lb.lbspokeweb",
            "azurerm_resource_group.rg",
            "azurerm_subnet.websubnet",
            "azurerm_virtual_network.spokevnet"
          ]
        }
      ]
    },
    {
      "mode": "managed",
      "type": "azurerm_lb_probe",
      "name": "lb_probe",
      "provider": "provider.azurerm",
      "instances": [
        {
          "schema_version": 0,
          "attributes": {
            "id": "/subscriptions/ff04471a-bb4c-4a06-9ff0-fda4c38e5fbd/resourceGroups/AzFirewall-Handson-RG-local/providers/Microsoft.Network/loadBalancers/lbspokeweb/probes/tcpProbe",
            "interval_in_seconds": 5,
            "load_balancer_rules": [],
            "loadbalancer_id": "/subscriptions/ff04471a-bb4c-4a06-9ff0-fda4c38e5fbd/resourceGroups/AzFirewall-Handson-RG-local/providers/Microsoft.Network/loadBalancers/lbspokeweb",
            "name": "tcpProbe",
            "number_of_probes": 2,
            "port": 80,
            "protocol": "Tcp",
            "request_path": "",
            "resource_group_name": "AzFirewall-Handson-RG-local",
            "timeouts": null
          },
          "private": "eyJlMmJmYjczMC1lY2FhLTExZTYtOGY4OC0zNDM2M2JjN2M0YzAiOnsiY3JlYXRlIjoxODAwMDAwMDAwMDAwLCJkZWxldGUiOjE4MDAwMDAwMDAwMDAsInJlYWQiOjMwMDAwMDAwMDAwMCwidXBkYXRlIjoxODAwMDAwMDAwMDAwfX0=",
          "dependencies": [
            "azurerm_lb.lbspokeweb",
            "azurerm_resource_group.rg",
            "azurerm_subnet.websubnet",
            "azurerm_virtual_network.spokevnet"
          ]
        }
      ]
    },
    {
      "mode": "managed",
      "type": "azurerm_lb_rule",
      "name": "lb_rule",
      "provider": "provider.azurerm",
      "instances": [
        {
          "schema_version": 0,
          "attributes": {
            "backend_address_pool_id": "/subscriptions/ff04471a-bb4c-4a06-9ff0-fda4c38e5fbd/resourceGroups/AzFirewall-Handson-RG-local/providers/Microsoft.Network/loadBalancers/lbspokeweb/backendAddressPools/BackEndAddressPool",
            "backend_port": 80,
            "disable_outbound_snat": false,
            "enable_floating_ip": false,
            "enable_tcp_reset": false,
            "frontend_ip_configuration_id": "/subscriptions/ff04471a-bb4c-4a06-9ff0-fda4c38e5fbd/resourceGroups/AzFirewall-Handson-RG-local/providers/Microsoft.Network/loadBalancers/lbspokeweb/frontendIPConfigurations/PrivateIPAddress",
            "frontend_ip_configuration_name": "PrivateIPAddress",
            "frontend_port": 80,
            "id": "/subscriptions/ff04471a-bb4c-4a06-9ff0-fda4c38e5fbd/resourceGroups/AzFirewall-Handson-RG-local/providers/Microsoft.Network/loadBalancers/lbspokeweb/loadBalancingRules/LBRule",
            "idle_timeout_in_minutes": 5,
            "load_distribution": "Default",
            "loadbalancer_id": "/subscriptions/ff04471a-bb4c-4a06-9ff0-fda4c38e5fbd/resourceGroups/AzFirewall-Handson-RG-local/providers/Microsoft.Network/loadBalancers/lbspokeweb",
            "name": "LBRule",
            "probe_id": "/subscriptions/ff04471a-bb4c-4a06-9ff0-fda4c38e5fbd/resourceGroups/AzFirewall-Handson-RG-local/providers/Microsoft.Network/loadBalancers/lbspokeweb/probes/tcpProbe",
            "protocol": "Tcp",
            "resource_group_name": "AzFirewall-Handson-RG-local",
            "timeouts": null
          },
          "private": "eyJlMmJmYjczMC1lY2FhLTExZTYtOGY4OC0zNDM2M2JjN2M0YzAiOnsiY3JlYXRlIjoxODAwMDAwMDAwMDAwLCJkZWxldGUiOjE4MDAwMDAwMDAwMDAsInJlYWQiOjMwMDAwMDAwMDAwMCwidXBkYXRlIjoxODAwMDAwMDAwMDAwfX0=",
          "dependencies": [
            "azurerm_lb.lbspokeweb",
            "azurerm_lb_backend_address_pool.lb-backendpool",
            "azurerm_lb_probe.lb_probe",
            "azurerm_resource_group.rg",
            "azurerm_subnet.websubnet",
            "azurerm_virtual_network.spokevnet"
          ]
        }
      ]
    },
    {
      "mode": "managed",
      "type": "azurerm_log_analytics_workspace",
      "name": "loganalytics",
      "provider": "provider.azurerm",
      "instances": [
        {
          "schema_version": 0,
          "attributes": {
            "id": "/subscriptions/ff04471a-bb4c-4a06-9ff0-fda4c38e5fbd/resourcegroups/azfirewall-handson-rg-local/providers/microsoft.operationalinsights/workspaces/azfwanalyticslocal",
            "location": "japaneast",
            "name": "azfwanalyticslocal",
            "portal_url": "",
            "primary_shared_key": "L3YtFgTeGLNluVSENYdEkFNApyOdtBY1hJjYnjPqE5ccGbwa2GylCdSKMSeK2Ua+x9rl5A17br/CcuOmUHyxjA==",
            "resource_group_name": "azfirewall-handson-rg-local",
            "retention_in_days": 30,
            "secondary_shared_key": "nBG3L738i4Cq75nUSTR2P9pFuu613HR+LuHA5CpI96GWlwxlDh5g8WQoHj5Q0U4XMuP8suj/n0lzhiTKlZqr3Q==",
            "sku": "pergb2018",
            "tags": null,
            "timeouts": null,
            "workspace_id": "dfe438d9-817e-4a21-a181-89d62a582add"
          },
          "private": "eyJlMmJmYjczMC1lY2FhLTExZTYtOGY4OC0zNDM2M2JjN2M0YzAiOnsiY3JlYXRlIjoxODAwMDAwMDAwMDAwLCJkZWxldGUiOjE4MDAwMDAwMDAwMDAsInJlYWQiOjMwMDAwMDAwMDAwMCwidXBkYXRlIjoxODAwMDAwMDAwMDAwfX0=",
          "dependencies": [
            "azurerm_resource_group.rg"
          ]
        }
      ]
    },
    {
      "mode": "managed",
      "type": "azurerm_network_interface",
      "name": "nic",
      "each": "list",
      "provider": "provider.azurerm",
      "instances": [
        {
          "index_key": 0,
          "schema_version": 0,
          "attributes": {
            "applied_dns_servers": [],
            "dns_servers": [],
            "enable_accelerated_networking": false,
            "enable_ip_forwarding": false,
            "id": "/subscriptions/ff04471a-bb4c-4a06-9ff0-fda4c38e5fbd/resourceGroups/AzFirewall-Handson-RG-local/providers/Microsoft.Network/networkInterfaces/azwsserver-NIC0",
            "internal_dns_name_label": "",
            "internal_domain_name_suffix": "2abkivxekugejpg1trhgscvrzc.lx.internal.cloudapp.net",
            "ip_configuration": [
              {
                "name": "IPConfig1",
                "primary": true,
                "private_ip_address": "10.1.1.5",
                "private_ip_address_allocation": "Dynamic",
                "private_ip_address_version": "IPv4",
                "public_ip_address_id": "",
                "subnet_id": "/subscriptions/ff04471a-bb4c-4a06-9ff0-fda4c38e5fbd/resourceGroups/AzFirewall-Handson-RG-local/providers/Microsoft.Network/virtualNetworks/spokevnet/subnets/websubnet"
              }
            ],
            "location": "japaneast",
            "mac_address": "",
            "name": "azwsserver-NIC0",
            "private_ip_address": "10.1.1.5",
            "private_ip_addresses": [
              "10.1.1.5"
            ],
            "resource_group_name": "AzFirewall-Handson-RG-local",
            "tags": null,
            "timeouts": null,
            "virtual_machine_id": ""
          },
          "private": "eyJlMmJmYjczMC1lY2FhLTExZTYtOGY4OC0zNDM2M2JjN2M0YzAiOnsiY3JlYXRlIjoxODAwMDAwMDAwMDAwLCJkZWxldGUiOjE4MDAwMDAwMDAwMDAsInJlYWQiOjMwMDAwMDAwMDAwMCwidXBkYXRlIjoxODAwMDAwMDAwMDAwfX0=",
          "dependencies": [
            "azurerm_resource_group.rg",
            "azurerm_subnet.websubnet",
            "azurerm_virtual_network.spokevnet"
          ]
        },
        {
          "index_key": 1,
          "schema_version": 0,
          "attributes": {
            "applied_dns_servers": [],
            "dns_servers": [],
            "enable_accelerated_networking": false,
            "enable_ip_forwarding": false,
            "id": "/subscriptions/ff04471a-bb4c-4a06-9ff0-fda4c38e5fbd/resourceGroups/AzFirewall-Handson-RG-local/providers/Microsoft.Network/networkInterfaces/azwsserver-NIC1",
            "internal_dns_name_label": "",
            "internal_domain_name_suffix": "2abkivxekugejpg1trhgscvrzc.lx.internal.cloudapp.net",
            "ip_configuration": [
              {
                "name": "IPConfig1",
                "primary": true,
                "private_ip_address": "10.1.1.4",
                "private_ip_address_allocation": "Dynamic",
                "private_ip_address_version": "IPv4",
                "public_ip_address_id": "",
                "subnet_id": "/subscriptions/ff04471a-bb4c-4a06-9ff0-fda4c38e5fbd/resourceGroups/AzFirewall-Handson-RG-local/providers/Microsoft.Network/virtualNetworks/spokevnet/subnets/websubnet"
              }
            ],
            "location": "japaneast",
            "mac_address": "",
            "name": "azwsserver-NIC1",
            "private_ip_address": "10.1.1.4",
            "private_ip_addresses": [
              "10.1.1.4"
            ],
            "resource_group_name": "AzFirewall-Handson-RG-local",
            "tags": null,
            "timeouts": null,
            "virtual_machine_id": ""
          },
          "private": "eyJlMmJmYjczMC1lY2FhLTExZTYtOGY4OC0zNDM2M2JjN2M0YzAiOnsiY3JlYXRlIjoxODAwMDAwMDAwMDAwLCJkZWxldGUiOjE4MDAwMDAwMDAwMDAsInJlYWQiOjMwMDAwMDAwMDAwMCwidXBkYXRlIjoxODAwMDAwMDAwMDAwfX0=",
          "dependencies": [
            "azurerm_resource_group.rg",
            "azurerm_subnet.websubnet",
            "azurerm_virtual_network.spokevnet"
          ]
        }
      ]
    },
    {
      "mode": "managed",
      "type": "azurerm_network_interface",
      "name": "nichub",
      "provider": "provider.azurerm",
      "instances": [
        {
          "schema_version": 0,
          "attributes": {
            "applied_dns_servers": [],
            "dns_servers": [],
            "enable_accelerated_networking": false,
            "enable_ip_forwarding": false,
            "id": "/subscriptions/ff04471a-bb4c-4a06-9ff0-fda4c38e5fbd/resourceGroups/AzFirewall-Handson-RG-local/providers/Microsoft.Network/networkInterfaces/azmngserver1-nic01",
            "internal_dns_name_label": "",
            "internal_domain_name_suffix": "ve12k2zfmizepfuij1bxtkrefd.lx.internal.cloudapp.net",
            "ip_configuration": [
              {
                "name": "IPConfig1",
                "primary": true,
                "private_ip_address": "10.0.2.4",
                "private_ip_address_allocation": "Dynamic",
                "private_ip_address_version": "IPv4",
                "public_ip_address_id": "",
                "subnet_id": "/subscriptions/ff04471a-bb4c-4a06-9ff0-fda4c38e5fbd/resourceGroups/AzFirewall-Handson-RG-local/providers/Microsoft.Network/virtualNetworks/hubvnet/subnets/managementsubnet"
              }
            ],
            "location": "japaneast",
            "mac_address": "",
            "name": "azmngserver1-nic01",
            "private_ip_address": "10.0.2.4",
            "private_ip_addresses": [
              "10.0.2.4"
            ],
            "resource_group_name": "AzFirewall-Handson-RG-local",
            "tags": null,
            "timeouts": null,
            "virtual_machine_id": ""
          },
          "private": "eyJlMmJmYjczMC1lY2FhLTExZTYtOGY4OC0zNDM2M2JjN2M0YzAiOnsiY3JlYXRlIjoxODAwMDAwMDAwMDAwLCJkZWxldGUiOjE4MDAwMDAwMDAwMDAsInJlYWQiOjMwMDAwMDAwMDAwMCwidXBkYXRlIjoxODAwMDAwMDAwMDAwfX0=",
          "dependencies": [
            "azurerm_resource_group.rg",
            "azurerm_subnet.managementsubnet",
            "azurerm_virtual_network.hubvnet"
          ]
        }
      ]
    },
    {
      "mode": "managed",
      "type": "azurerm_network_interface",
      "name": "nicop",
      "provider": "provider.azurerm",
      "instances": [
        {
          "schema_version": 0,
          "attributes": {
            "applied_dns_servers": [],
            "dns_servers": [],
            "enable_accelerated_networking": false,
            "enable_ip_forwarding": false,
            "id": "/subscriptions/ff04471a-bb4c-4a06-9ff0-fda4c38e5fbd/resourceGroups/AzFirewall-Handson-RG-local/providers/Microsoft.Network/networkInterfaces/onpremserver1-nic01",
            "internal_dns_name_label": "",
            "internal_domain_name_suffix": "5l41201phgvuvci4yevyh4ouda.lx.internal.cloudapp.net",
            "ip_configuration": [
              {
                "name": "IPConfig1",
                "primary": true,
                "private_ip_address": "192.168.1.4",
                "private_ip_address_allocation": "Dynamic",
                "private_ip_address_version": "IPv4",
                "public_ip_address_id": "",
                "subnet_id": "/subscriptions/ff04471a-bb4c-4a06-9ff0-fda4c38e5fbd/resourceGroups/AzFirewall-Handson-RG-local/providers/Microsoft.Network/virtualNetworks/onpremvnet/subnets/onpremSubnet"
              }
            ],
            "location": "japaneast",
            "mac_address": "",
            "name": "onpremserver1-nic01",
            "private_ip_address": "192.168.1.4",
            "private_ip_addresses": [
              "192.168.1.4"
            ],
            "resource_group_name": "AzFirewall-Handson-RG-local",
            "tags": null,
            "timeouts": null,
            "virtual_machine_id": ""
          },
          "private": "eyJlMmJmYjczMC1lY2FhLTExZTYtOGY4OC0zNDM2M2JjN2M0YzAiOnsiY3JlYXRlIjoxODAwMDAwMDAwMDAwLCJkZWxldGUiOjE4MDAwMDAwMDAwMDAsInJlYWQiOjMwMDAwMDAwMDAwMCwidXBkYXRlIjoxODAwMDAwMDAwMDAwfX0=",
          "dependencies": [
            "azurerm_resource_group.rg",
            "azurerm_subnet.onpremSubnet",
            "azurerm_virtual_network.onpremvnet"
          ]
        }
      ]
    },
    {
      "mode": "managed",
      "type": "azurerm_network_interface_backend_address_pool_association",
      "name": "backendassociation",
      "each": "list",
      "provider": "provider.azurerm",
      "instances": []
    },
    {
      "mode": "managed",
      "type": "azurerm_network_security_group",
      "name": "nsgmgmt",
      "provider": "provider.azurerm",
      "instances": [
        {
          "schema_version": 0,
          "attributes": {
            "id": "/subscriptions/ff04471a-bb4c-4a06-9ff0-fda4c38e5fbd/resourceGroups/AzFirewall-Handson-RG-local/providers/Microsoft.Network/networkSecurityGroups/nsg_mgmt",
            "location": "japaneast",
            "name": "nsg_mgmt",
            "resource_group_name": "AzFirewall-Handson-RG-local",
            "security_rule": [],
            "tags": null,
            "timeouts": null
          },
          "private": "eyJlMmJmYjczMC1lY2FhLTExZTYtOGY4OC0zNDM2M2JjN2M0YzAiOnsiY3JlYXRlIjoxODAwMDAwMDAwMDAwLCJkZWxldGUiOjE4MDAwMDAwMDAwMDAsInJlYWQiOjMwMDAwMDAwMDAwMCwidXBkYXRlIjoxODAwMDAwMDAwMDAwfX0=",
          "dependencies": [
            "azurerm_resource_group.rg"
          ]
        }
      ]
    },
    {
      "mode": "managed",
      "type": "azurerm_network_security_group",
      "name": "nsgweb",
      "provider": "provider.azurerm",
      "instances": [
        {
          "schema_version": 0,
          "attributes": {
            "id": "/subscriptions/ff04471a-bb4c-4a06-9ff0-fda4c38e5fbd/resourceGroups/AzFirewall-Handson-RG-local/providers/Microsoft.Network/networkSecurityGroups/nsg_web",
            "location": "japaneast",
            "name": "nsg_web",
            "resource_group_name": "AzFirewall-Handson-RG-local",
            "security_rule": [],
            "tags": null,
            "timeouts": null
          },
          "private": "eyJlMmJmYjczMC1lY2FhLTExZTYtOGY4OC0zNDM2M2JjN2M0YzAiOnsiY3JlYXRlIjoxODAwMDAwMDAwMDAwLCJkZWxldGUiOjE4MDAwMDAwMDAwMDAsInJlYWQiOjMwMDAwMDAwMDAwMCwidXBkYXRlIjoxODAwMDAwMDAwMDAwfX0=",
          "dependencies": [
            "azurerm_resource_group.rg"
          ]
        }
      ]
    },
    {
      "mode": "managed",
      "type": "azurerm_network_security_rule",
      "name": "managment-in-allow_icmp",
      "provider": "provider.azurerm",
      "instances": [
        {
          "schema_version": 0,
          "attributes": {
            "access": "Allow",
            "description": "",
            "destination_address_prefix": "*",
            "destination_address_prefixes": null,
            "destination_application_security_group_ids": null,
            "destination_port_range": "*",
            "destination_port_ranges": null,
            "direction": "Inbound",
            "id": "/subscriptions/ff04471a-bb4c-4a06-9ff0-fda4c38e5fbd/resourceGroups/AzFirewall-Handson-RG-local/providers/Microsoft.Network/networkSecurityGroups/nsg_mgmt/securityRules/managment-in-allow_icmp",
            "name": "managment-in-allow_icmp",
            "network_security_group_name": "nsg_mgmt",
            "priority": 120,
            "protocol": "Icmp",
            "resource_group_name": "AzFirewall-Handson-RG-local",
            "source_address_prefix": "VirtualNetwork",
            "source_address_prefixes": null,
            "source_application_security_group_ids": null,
            "source_port_range": "*",
            "source_port_ranges": null,
            "timeouts": null
          },
          "private": "eyJlMmJmYjczMC1lY2FhLTExZTYtOGY4OC0zNDM2M2JjN2M0YzAiOnsiY3JlYXRlIjoxODAwMDAwMDAwMDAwLCJkZWxldGUiOjE4MDAwMDAwMDAwMDAsInJlYWQiOjMwMDAwMDAwMDAwMCwidXBkYXRlIjoxODAwMDAwMDAwMDAwfX0=",
          "dependencies": [
            "azurerm_network_security_group.nsgmgmt",
            "azurerm_resource_group.rg"
          ]
        }
      ]
    },
    {
      "mode": "managed",
      "type": "azurerm_network_security_rule",
      "name": "managment-in-allow_rdp",
      "provider": "provider.azurerm",
      "instances": [
        {
          "schema_version": 0,
          "attributes": {
            "access": "Allow",
            "description": "",
            "destination_address_prefix": "*",
            "destination_address_prefixes": null,
            "destination_application_security_group_ids": null,
            "destination_port_range": "3389",
            "destination_port_ranges": null,
            "direction": "Inbound",
            "id": "/subscriptions/ff04471a-bb4c-4a06-9ff0-fda4c38e5fbd/resourceGroups/AzFirewall-Handson-RG-local/providers/Microsoft.Network/networkSecurityGroups/nsg_mgmt/securityRules/managment-in-allow_rdp",
            "name": "managment-in-allow_rdp",
            "network_security_group_name": "nsg_mgmt",
            "priority": 105,
            "protocol": "Tcp",
            "resource_group_name": "AzFirewall-Handson-RG-local",
            "source_address_prefix": "VirtualNetwork",
            "source_address_prefixes": null,
            "source_application_security_group_ids": null,
            "source_port_range": "*",
            "source_port_ranges": null,
            "timeouts": null
          },
          "private": "eyJlMmJmYjczMC1lY2FhLTExZTYtOGY4OC0zNDM2M2JjN2M0YzAiOnsiY3JlYXRlIjoxODAwMDAwMDAwMDAwLCJkZWxldGUiOjE4MDAwMDAwMDAwMDAsInJlYWQiOjMwMDAwMDAwMDAwMCwidXBkYXRlIjoxODAwMDAwMDAwMDAwfX0=",
          "dependencies": [
            "azurerm_network_security_group.nsgmgmt",
            "azurerm_resource_group.rg"
          ]
        }
      ]
    },
    {
      "mode": "managed",
      "type": "azurerm_network_security_rule",
      "name": "managment-in-allow_ssh",
      "provider": "provider.azurerm",
      "instances": [
        {
          "schema_version": 0,
          "attributes": {
            "access": "Allow",
            "description": "",
            "destination_address_prefix": "*",
            "destination_address_prefixes": null,
            "destination_application_security_group_ids": null,
            "destination_port_range": "22",
            "destination_port_ranges": null,
            "direction": "Inbound",
            "id": "/subscriptions/ff04471a-bb4c-4a06-9ff0-fda4c38e5fbd/resourceGroups/AzFirewall-Handson-RG-local/providers/Microsoft.Network/networkSecurityGroups/nsg_mgmt/securityRules/managment-in-allow_ssh",
            "name": "managment-in-allow_ssh",
            "network_security_group_name": "nsg_mgmt",
            "priority": 100,
            "protocol": "Tcp",
            "resource_group_name": "AzFirewall-Handson-RG-local",
            "source_address_prefix": "VirtualNetwork",
            "source_address_prefixes": null,
            "source_application_security_group_ids": null,
            "source_port_range": "*",
            "source_port_ranges": null,
            "timeouts": null
          },
          "private": "eyJlMmJmYjczMC1lY2FhLTExZTYtOGY4OC0zNDM2M2JjN2M0YzAiOnsiY3JlYXRlIjoxODAwMDAwMDAwMDAwLCJkZWxldGUiOjE4MDAwMDAwMDAwMDAsInJlYWQiOjMwMDAwMDAwMDAwMCwidXBkYXRlIjoxODAwMDAwMDAwMDAwfX0=",
          "dependencies": [
            "azurerm_network_security_group.nsgmgmt",
            "azurerm_resource_group.rg"
          ]
        }
      ]
    },
    {
      "mode": "managed",
      "type": "azurerm_network_security_rule",
      "name": "web-in-allow_http",
      "provider": "provider.azurerm",
      "instances": [
        {
          "schema_version": 0,
          "attributes": {
            "access": "Allow",
            "description": "",
            "destination_address_prefix": "VirtualNetwork",
            "destination_address_prefixes": null,
            "destination_application_security_group_ids": null,
            "destination_port_range": "80",
            "destination_port_ranges": null,
            "direction": "Inbound",
            "id": "/subscriptions/ff04471a-bb4c-4a06-9ff0-fda4c38e5fbd/resourceGroups/AzFirewall-Handson-RG-local/providers/Microsoft.Network/networkSecurityGroups/nsg_web/securityRules/web-in-allow_http",
            "name": "web-in-allow_http",
            "network_security_group_name": "nsg_web",
            "priority": 120,
            "protocol": "Tcp",
            "resource_group_name": "AzFirewall-Handson-RG-local",
            "source_address_prefix": "*",
            "source_address_prefixes": null,
            "source_application_security_group_ids": null,
            "source_port_range": "*",
            "source_port_ranges": null,
            "timeouts": null
          },
          "private": "eyJlMmJmYjczMC1lY2FhLTExZTYtOGY4OC0zNDM2M2JjN2M0YzAiOnsiY3JlYXRlIjoxODAwMDAwMDAwMDAwLCJkZWxldGUiOjE4MDAwMDAwMDAwMDAsInJlYWQiOjMwMDAwMDAwMDAwMCwidXBkYXRlIjoxODAwMDAwMDAwMDAwfX0=",
          "dependencies": [
            "azurerm_network_security_group.nsgweb",
            "azurerm_resource_group.rg"
          ]
        }
      ]
    },
    {
      "mode": "managed",
      "type": "azurerm_network_security_rule",
      "name": "web-in-allow_https",
      "provider": "provider.azurerm",
      "instances": [
        {
          "schema_version": 0,
          "attributes": {
            "access": "Allow",
            "description": "",
            "destination_address_prefix": "VirtualNetwork",
            "destination_address_prefixes": null,
            "destination_application_security_group_ids": null,
            "destination_port_range": "443",
            "destination_port_ranges": null,
            "direction": "Inbound",
            "id": "/subscriptions/ff04471a-bb4c-4a06-9ff0-fda4c38e5fbd/resourceGroups/AzFirewall-Handson-RG-local/providers/Microsoft.Network/networkSecurityGroups/nsg_web/securityRules/web-in-allow_https",
            "name": "web-in-allow_https",
            "network_security_group_name": "nsg_web",
            "priority": 125,
            "protocol": "Tcp",
            "resource_group_name": "AzFirewall-Handson-RG-local",
            "source_address_prefix": "*",
            "source_address_prefixes": null,
            "source_application_security_group_ids": null,
            "source_port_range": "*",
            "source_port_ranges": null,
            "timeouts": null
          },
          "private": "eyJlMmJmYjczMC1lY2FhLTExZTYtOGY4OC0zNDM2M2JjN2M0YzAiOnsiY3JlYXRlIjoxODAwMDAwMDAwMDAwLCJkZWxldGUiOjE4MDAwMDAwMDAwMDAsInJlYWQiOjMwMDAwMDAwMDAwMCwidXBkYXRlIjoxODAwMDAwMDAwMDAwfX0=",
          "dependencies": [
            "azurerm_network_security_group.nsgweb",
            "azurerm_resource_group.rg"
          ]
        }
      ]
    },
    {
      "mode": "managed",
      "type": "azurerm_network_security_rule",
      "name": "web-in-allow_icmp",
      "provider": "provider.azurerm",
      "instances": [
        {
          "schema_version": 0,
          "attributes": {
            "access": "Allow",
            "description": "",
            "destination_address_prefix": "*",
            "destination_address_prefixes": null,
            "destination_application_security_group_ids": null,
            "destination_port_range": "*",
            "destination_port_ranges": null,
            "direction": "Inbound",
            "id": "/subscriptions/ff04471a-bb4c-4a06-9ff0-fda4c38e5fbd/resourceGroups/AzFirewall-Handson-RG-local/providers/Microsoft.Network/networkSecurityGroups/nsg_web/securityRules/web-in-allow_icmp",
            "name": "web-in-allow_icmp",
            "network_security_group_name": "nsg_web",
            "priority": 130,
            "protocol": "Icmp",
            "resource_group_name": "AzFirewall-Handson-RG-local",
            "source_address_prefix": "VirtualNetwork",
            "source_address_prefixes": null,
            "source_application_security_group_ids": null,
            "source_port_range": "*",
            "source_port_ranges": null,
            "timeouts": null
          },
          "private": "eyJlMmJmYjczMC1lY2FhLTExZTYtOGY4OC0zNDM2M2JjN2M0YzAiOnsiY3JlYXRlIjoxODAwMDAwMDAwMDAwLCJkZWxldGUiOjE4MDAwMDAwMDAwMDAsInJlYWQiOjMwMDAwMDAwMDAwMCwidXBkYXRlIjoxODAwMDAwMDAwMDAwfX0=",
          "dependencies": [
            "azurerm_network_security_group.nsgweb",
            "azurerm_resource_group.rg"
          ]
        }
      ]
    },
    {
      "mode": "managed",
      "type": "azurerm_network_security_rule",
      "name": "web-in-allow_rdp",
      "provider": "provider.azurerm",
      "instances": [
        {
          "schema_version": 0,
          "attributes": {
            "access": "Allow",
            "description": "",
            "destination_address_prefix": "VirtualNetwork",
            "destination_address_prefixes": null,
            "destination_application_security_group_ids": null,
            "destination_port_range": "3389",
            "destination_port_ranges": null,
            "direction": "Inbound",
            "id": "/subscriptions/ff04471a-bb4c-4a06-9ff0-fda4c38e5fbd/resourceGroups/AzFirewall-Handson-RG-local/providers/Microsoft.Network/networkSecurityGroups/nsg_web/securityRules/web-in-allow_rdp",
            "name": "web-in-allow_rdp",
            "network_security_group_name": "nsg_web",
            "priority": 105,
            "protocol": "Tcp",
            "resource_group_name": "AzFirewall-Handson-RG-local",
            "source_address_prefix": "*",
            "source_address_prefixes": null,
            "source_application_security_group_ids": null,
            "source_port_range": "*",
            "source_port_ranges": null,
            "timeouts": null
          },
          "private": "eyJlMmJmYjczMC1lY2FhLTExZTYtOGY4OC0zNDM2M2JjN2M0YzAiOnsiY3JlYXRlIjoxODAwMDAwMDAwMDAwLCJkZWxldGUiOjE4MDAwMDAwMDAwMDAsInJlYWQiOjMwMDAwMDAwMDAwMCwidXBkYXRlIjoxODAwMDAwMDAwMDAwfX0=",
          "dependencies": [
            "azurerm_network_security_group.nsgweb",
            "azurerm_resource_group.rg"
          ]
        }
      ]
    },
    {
      "mode": "managed",
      "type": "azurerm_network_security_rule",
      "name": "web-in-allow_ssh",
      "provider": "provider.azurerm",
      "instances": [
        {
          "schema_version": 0,
          "attributes": {
            "access": "Allow",
            "description": "",
            "destination_address_prefix": "VirtualNetwork",
            "destination_address_prefixes": null,
            "destination_application_security_group_ids": null,
            "destination_port_range": "22",
            "destination_port_ranges": null,
            "direction": "Inbound",
            "id": "/subscriptions/ff04471a-bb4c-4a06-9ff0-fda4c38e5fbd/resourceGroups/AzFirewall-Handson-RG-local/providers/Microsoft.Network/networkSecurityGroups/nsg_web/securityRules/web-in-allow_ssh",
            "name": "web-in-allow_ssh",
            "network_security_group_name": "nsg_web",
            "priority": 100,
            "protocol": "Tcp",
            "resource_group_name": "AzFirewall-Handson-RG-local",
            "source_address_prefix": "*",
            "source_address_prefixes": null,
            "source_application_security_group_ids": null,
            "source_port_range": "*",
            "source_port_ranges": null,
            "timeouts": null
          },
          "private": "eyJlMmJmYjczMC1lY2FhLTExZTYtOGY4OC0zNDM2M2JjN2M0YzAiOnsiY3JlYXRlIjoxODAwMDAwMDAwMDAwLCJkZWxldGUiOjE4MDAwMDAwMDAwMDAsInJlYWQiOjMwMDAwMDAwMDAwMCwidXBkYXRlIjoxODAwMDAwMDAwMDAwfX0=",
          "dependencies": [
            "azurerm_network_security_group.nsgweb",
            "azurerm_resource_group.rg"
          ]
        }
      ]
    },
    {
      "mode": "managed",
      "type": "azurerm_network_watcher_flow_log",
      "name": "watcher-flow-mgmt",
      "provider": "provider.azurerm",
      "instances": []
    },
    {
      "mode": "managed",
      "type": "azurerm_network_watcher_flow_log",
      "name": "watcher-flow-web",
      "provider": "provider.azurerm",
      "instances": []
    },
    {
      "mode": "managed",
      "type": "azurerm_public_ip",
      "name": "azfirewallpip",
      "provider": "provider.azurerm",
      "instances": [
        {
          "schema_version": 0,
          "attributes": {
            "allocation_method": "Static",
            "domain_name_label": null,
            "fqdn": null,
            "id": "/subscriptions/ff04471a-bb4c-4a06-9ff0-fda4c38e5fbd/resourceGroups/AzFirewall-Handson-RG-local/providers/Microsoft.Network/publicIPAddresses/azfirewallpip",
            "idle_timeout_in_minutes": 4,
            "ip_address": "20.44.142.7",
            "ip_version": "IPv4",
            "location": "japaneast",
            "name": "azfirewallpip",
            "public_ip_prefix_id": null,
            "resource_group_name": "AzFirewall-Handson-RG-local",
            "reverse_fqdn": null,
            "sku": "Standard",
            "tags": null,
            "timeouts": null,
            "zones": null
          },
          "private": "eyJlMmJmYjczMC1lY2FhLTExZTYtOGY4OC0zNDM2M2JjN2M0YzAiOnsiY3JlYXRlIjoxODAwMDAwMDAwMDAwLCJkZWxldGUiOjE4MDAwMDAwMDAwMDAsInJlYWQiOjMwMDAwMDAwMDAwMCwidXBkYXRlIjoxODAwMDAwMDAwMDAwfX0=",
          "dependencies": [
            "azurerm_resource_group.rg"
          ]
        }
      ]
    },
    {
      "mode": "managed",
      "type": "azurerm_public_ip",
      "name": "bastionpip",
      "provider": "provider.azurerm",
      "instances": [
        {
          "schema_version": 0,
          "attributes": {
            "allocation_method": "Static",
            "domain_name_label": null,
            "fqdn": null,
            "id": "/subscriptions/ff04471a-bb4c-4a06-9ff0-fda4c38e5fbd/resourceGroups/AzFirewall-Handson-RG-local/providers/Microsoft.Network/publicIPAddresses/bastionpip",
            "idle_timeout_in_minutes": 4,
            "ip_address": "20.44.140.204",
            "ip_version": "IPv4",
            "location": "japaneast",
            "name": "bastionpip",
            "public_ip_prefix_id": null,
            "resource_group_name": "AzFirewall-Handson-RG-local",
            "reverse_fqdn": null,
            "sku": "Standard",
            "tags": null,
            "timeouts": null,
            "zones": null
          },
          "private": "eyJlMmJmYjczMC1lY2FhLTExZTYtOGY4OC0zNDM2M2JjN2M0YzAiOnsiY3JlYXRlIjoxODAwMDAwMDAwMDAwLCJkZWxldGUiOjE4MDAwMDAwMDAwMDAsInJlYWQiOjMwMDAwMDAwMDAwMCwidXBkYXRlIjoxODAwMDAwMDAwMDAwfX0=",
          "dependencies": [
            "azurerm_resource_group.rg"
          ]
        }
      ]
    },
    {
      "mode": "managed",
      "type": "azurerm_public_ip",
      "name": "hubvpngw-pip",
      "provider": "provider.azurerm",
      "instances": [
        {
          "schema_version": 0,
          "attributes": {
            "allocation_method": "Dynamic",
            "domain_name_label": null,
            "fqdn": null,
            "id": "/subscriptions/ff04471a-bb4c-4a06-9ff0-fda4c38e5fbd/resourceGroups/AzFirewall-Handson-RG-local/providers/Microsoft.Network/publicIPAddresses/hubvpngw-pip",
            "idle_timeout_in_minutes": 4,
            "ip_address": "",
            "ip_version": "IPv4",
            "location": "japaneast",
            "name": "hubvpngw-pip",
            "public_ip_prefix_id": null,
            "resource_group_name": "AzFirewall-Handson-RG-local",
            "reverse_fqdn": null,
            "sku": "Basic",
            "tags": null,
            "timeouts": null,
            "zones": null
          },
          "private": "eyJlMmJmYjczMC1lY2FhLTExZTYtOGY4OC0zNDM2M2JjN2M0YzAiOnsiY3JlYXRlIjoxODAwMDAwMDAwMDAwLCJkZWxldGUiOjE4MDAwMDAwMDAwMDAsInJlYWQiOjMwMDAwMDAwMDAwMCwidXBkYXRlIjoxODAwMDAwMDAwMDAwfX0=",
          "dependencies": [
            "azurerm_resource_group.rg"
          ]
        }
      ]
    },
    {
      "mode": "managed",
      "type": "azurerm_public_ip",
      "name": "onpremvpngw-pip",
      "provider": "provider.azurerm",
      "instances": [
        {
          "schema_version": 0,
          "attributes": {
            "allocation_method": "Dynamic",
            "domain_name_label": null,
            "fqdn": null,
            "id": "/subscriptions/ff04471a-bb4c-4a06-9ff0-fda4c38e5fbd/resourceGroups/AzFirewall-Handson-RG-local/providers/Microsoft.Network/publicIPAddresses/onpremvpngw-pip",
            "idle_timeout_in_minutes": 4,
            "ip_address": "",
            "ip_version": "IPv4",
            "location": "japaneast",
            "name": "onpremvpngw-pip",
            "public_ip_prefix_id": null,
            "resource_group_name": "AzFirewall-Handson-RG-local",
            "reverse_fqdn": null,
            "sku": "Basic",
            "tags": null,
            "timeouts": null,
            "zones": null
          },
          "private": "eyJlMmJmYjczMC1lY2FhLTExZTYtOGY4OC0zNDM2M2JjN2M0YzAiOnsiY3JlYXRlIjoxODAwMDAwMDAwMDAwLCJkZWxldGUiOjE4MDAwMDAwMDAwMDAsInJlYWQiOjMwMDAwMDAwMDAwMCwidXBkYXRlIjoxODAwMDAwMDAwMDAwfX0=",
          "dependencies": [
            "azurerm_resource_group.rg"
          ]
        }
      ]
    },
    {
      "mode": "managed",
      "type": "azurerm_resource_group",
      "name": "rg",
      "provider": "provider.azurerm",
      "instances": [
        {
          "schema_version": 0,
          "attributes": {
            "id": "/subscriptions/ff04471a-bb4c-4a06-9ff0-fda4c38e5fbd/resourceGroups/AzFirewall-Handson-RG-local",
            "location": "japaneast",
            "name": "AzFirewall-Handson-RG-local",
            "tags": null,
            "timeouts": null
          },
          "private": "eyJlMmJmYjczMC1lY2FhLTExZTYtOGY4OC0zNDM2M2JjN2M0YzAiOnsiY3JlYXRlIjo1NDAwMDAwMDAwMDAwLCJkZWxldGUiOjU0MDAwMDAwMDAwMDAsInJlYWQiOjMwMDAwMDAwMDAwMCwidXBkYXRlIjo1NDAwMDAwMDAwMDAwfX0="
        }
      ]
    },
    {
      "mode": "managed",
      "type": "azurerm_route",
      "name": "hubvnet-managementsubnet-to-internet",
      "provider": "provider.azurerm",
      "instances": []
    },
    {
      "mode": "managed",
      "type": "azurerm_route",
      "name": "onpremvnet-onpresubnet-to-hubvnet",
      "provider": "provider.azurerm",
      "instances": []
    },
    {
      "mode": "managed",
      "type": "azurerm_route",
      "name": "spokevnet-websubnet-to-internet",
      "provider": "provider.azurerm",
      "instances": []
    },
    {
      "mode": "managed",
      "type": "azurerm_route_table",
      "name": "route-hubvnet-managementsubnet",
      "provider": "provider.azurerm",
      "instances": []
    },
    {
      "mode": "managed",
      "type": "azurerm_route_table",
      "name": "route-onpremvnet-onpresubnet",
      "provider": "provider.azurerm",
      "instances": []
    },
    {
      "mode": "managed",
      "type": "azurerm_route_table",
      "name": "route-spokevnet-websubnet",
      "provider": "provider.azurerm",
      "instances": []
    },
    {
      "mode": "managed",
      "type": "azurerm_storage_account",
      "name": "storageaccount",
      "provider": "provider.azurerm",
      "instances": [
        {
          "schema_version": 2,
          "attributes": {
            "access_tier": "Hot",
            "account_kind": "StorageV2",
            "account_replication_type": "LRS",
            "account_tier": "Standard",
            "allow_blob_public_access": false,
            "blob_properties": [],
            "custom_domain": [],
            "enable_https_traffic_only": true,
            "id": "/subscriptions/ff04471a-bb4c-4a06-9ff0-fda4c38e5fbd/resourceGroups/AzFirewall-Handson-RG-local/providers/Microsoft.Storage/storageAccounts/petsa5d0b092ece60819c",
            "identity": [],
            "is_hns_enabled": false,
            "location": "japaneast",
            "name": "petsa5d0b092ece60819c",
            "network_rules": [
              {
                "bypass": [
                  "AzureServices"
                ],
                "default_action": "Allow",
                "ip_rules": [],
                "virtual_network_subnet_ids": []
              }
            ],
            "primary_access_key": "7UOMHCtabzdC1ah7ln3NUJIpTVNPcPxSMYbTI1m8Y0/6gyVsV/6/uNP2T2DpmVDcIkMl3PjM/s7vx/UK4AeU/w==",
            "primary_blob_connection_string": "DefaultEndpointsProtocol=https;BlobEndpoint=https://petsa5d0b092ece60819c.blob.core.windows.net/;AccountName=petsa5d0b092ece60819c;AccountKey=7UOMHCtabzdC1ah7ln3NUJIpTVNPcPxSMYbTI1m8Y0/6gyVsV/6/uNP2T2DpmVDcIkMl3PjM/s7vx/UK4AeU/w==",
            "primary_blob_endpoint": "https://petsa5d0b092ece60819c.blob.core.windows.net/",
            "primary_blob_host": "petsa5d0b092ece60819c.blob.core.windows.net",
            "primary_connection_string": "DefaultEndpointsProtocol=https;AccountName=petsa5d0b092ece60819c;AccountKey=7UOMHCtabzdC1ah7ln3NUJIpTVNPcPxSMYbTI1m8Y0/6gyVsV/6/uNP2T2DpmVDcIkMl3PjM/s7vx/UK4AeU/w==;EndpointSuffix=core.windows.net",
            "primary_dfs_endpoint": "https://petsa5d0b092ece60819c.dfs.core.windows.net/",
            "primary_dfs_host": "petsa5d0b092ece60819c.dfs.core.windows.net",
            "primary_file_endpoint": "https://petsa5d0b092ece60819c.file.core.windows.net/",
            "primary_file_host": "petsa5d0b092ece60819c.file.core.windows.net",
            "primary_location": "japaneast",
            "primary_queue_endpoint": "https://petsa5d0b092ece60819c.queue.core.windows.net/",
            "primary_queue_host": "petsa5d0b092ece60819c.queue.core.windows.net",
            "primary_table_endpoint": "https://petsa5d0b092ece60819c.table.core.windows.net/",
            "primary_table_host": "petsa5d0b092ece60819c.table.core.windows.net",
            "primary_web_endpoint": "https://petsa5d0b092ece60819c.z11.web.core.windows.net/",
            "primary_web_host": "petsa5d0b092ece60819c.z11.web.core.windows.net",
            "queue_properties": [
              {
                "cors_rule": [],
                "hour_metrics": [
                  {
                    "enabled": true,
                    "include_apis": true,
                    "retention_policy_days": 7,
                    "version": "1.0"
                  }
                ],
                "logging": [
                  {
                    "delete": false,
                    "read": false,
                    "retention_policy_days": 0,
                    "version": "1.0",
                    "write": false
                  }
                ],
                "minute_metrics": [
                  {
                    "enabled": false,
                    "include_apis": false,
                    "retention_policy_days": 0,
                    "version": "1.0"
                  }
                ]
              }
            ],
            "resource_group_name": "AzFirewall-Handson-RG-local",
            "secondary_access_key": "/qVrnbPu+WhjzqPrpC7RgjuzMR4Tjn/Q86VNKRSjaWzLADRIVHRpRSzXQtddBVZce+9HIg7WT2COKk4mKobBjw==",
            "secondary_blob_connection_string": "",
            "secondary_blob_endpoint": null,
            "secondary_blob_host": null,
            "secondary_connection_string": "DefaultEndpointsProtocol=https;AccountName=petsa5d0b092ece60819c;AccountKey=/qVrnbPu+WhjzqPrpC7RgjuzMR4Tjn/Q86VNKRSjaWzLADRIVHRpRSzXQtddBVZce+9HIg7WT2COKk4mKobBjw==;EndpointSuffix=core.windows.net",
            "secondary_dfs_endpoint": null,
            "secondary_dfs_host": null,
            "secondary_file_endpoint": null,
            "secondary_file_host": null,
            "secondary_location": "",
            "secondary_queue_endpoint": null,
            "secondary_queue_host": null,
            "secondary_table_endpoint": null,
            "secondary_table_host": null,
            "secondary_web_endpoint": null,
            "secondary_web_host": null,
            "static_website": [],
            "tags": null,
            "timeouts": null
          },
          "private": "eyJlMmJmYjczMC1lY2FhLTExZTYtOGY4OC0zNDM2M2JjN2M0YzAiOnsiY3JlYXRlIjozNjAwMDAwMDAwMDAwLCJkZWxldGUiOjM2MDAwMDAwMDAwMDAsInJlYWQiOjMwMDAwMDAwMDAwMCwidXBkYXRlIjozNjAwMDAwMDAwMDAwfSwic2NoZW1hX3ZlcnNpb24iOiIyIn0=",
          "dependencies": [
            "azurerm_resource_group.rg",
            "random_id.randomId"
          ]
        }
      ]
    },
    {
      "mode": "managed",
      "type": "azurerm_subnet",
      "name": "AzureBastionSubnet",
      "provider": "provider.azurerm",
      "instances": [
        {
          "schema_version": 0,
          "attributes": {
            "address_prefix": "10.0.10.0/27",
            "address_prefixes": [
              "10.0.10.0/27"
            ],
            "delegation": [],
            "enforce_private_link_endpoint_network_policies": false,
            "enforce_private_link_service_network_policies": false,
            "id": "/subscriptions/ff04471a-bb4c-4a06-9ff0-fda4c38e5fbd/resourceGroups/AzFirewall-Handson-RG-local/providers/Microsoft.Network/virtualNetworks/hubvnet/subnets/AzureBastionSubnet",
            "name": "AzureBastionSubnet",
            "resource_group_name": "AzFirewall-Handson-RG-local",
            "service_endpoints": null,
            "timeouts": null,
            "virtual_network_name": "hubvnet"
          },
          "private": "eyJlMmJmYjczMC1lY2FhLTExZTYtOGY4OC0zNDM2M2JjN2M0YzAiOnsiY3JlYXRlIjoxODAwMDAwMDAwMDAwLCJkZWxldGUiOjE4MDAwMDAwMDAwMDAsInJlYWQiOjMwMDAwMDAwMDAwMCwidXBkYXRlIjoxODAwMDAwMDAwMDAwfX0=",
          "dependencies": [
            "azurerm_resource_group.rg",
            "azurerm_virtual_network.hubvnet"
          ]
        }
      ]
    },
    {
      "mode": "managed",
      "type": "azurerm_subnet",
      "name": "AzureFirewallSubnet",
      "provider": "provider.azurerm",
      "instances": [
        {
          "schema_version": 0,
          "attributes": {
            "address_prefix": "10.0.8.0/26",
            "address_prefixes": [
              "10.0.8.0/26"
            ],
            "delegation": [],
            "enforce_private_link_endpoint_network_policies": false,
            "enforce_private_link_service_network_policies": false,
            "id": "/subscriptions/ff04471a-bb4c-4a06-9ff0-fda4c38e5fbd/resourceGroups/AzFirewall-Handson-RG-local/providers/Microsoft.Network/virtualNetworks/hubvnet/subnets/AzureFirewallSubnet",
            "name": "AzureFirewallSubnet",
            "resource_group_name": "AzFirewall-Handson-RG-local",
            "service_endpoints": null,
            "timeouts": null,
            "virtual_network_name": "hubvnet"
          },
          "private": "eyJlMmJmYjczMC1lY2FhLTExZTYtOGY4OC0zNDM2M2JjN2M0YzAiOnsiY3JlYXRlIjoxODAwMDAwMDAwMDAwLCJkZWxldGUiOjE4MDAwMDAwMDAwMDAsInJlYWQiOjMwMDAwMDAwMDAwMCwidXBkYXRlIjoxODAwMDAwMDAwMDAwfX0=",
          "dependencies": [
            "azurerm_resource_group.rg",
            "azurerm_virtual_network.hubvnet"
          ]
        }
      ]
    },
    {
      "mode": "managed",
      "type": "azurerm_subnet",
      "name": "gatewaysubnet",
      "provider": "provider.azurerm",
      "instances": [
        {
          "schema_version": 0,
          "attributes": {
            "address_prefix": "10.0.1.0/27",
            "address_prefixes": [
              "10.0.1.0/27"
            ],
            "delegation": [],
            "enforce_private_link_endpoint_network_policies": false,
            "enforce_private_link_service_network_policies": false,
            "id": "/subscriptions/ff04471a-bb4c-4a06-9ff0-fda4c38e5fbd/resourceGroups/AzFirewall-Handson-RG-local/providers/Microsoft.Network/virtualNetworks/hubvnet/subnets/GatewaySubnet",
            "name": "GatewaySubnet",
            "resource_group_name": "AzFirewall-Handson-RG-local",
            "service_endpoints": null,
            "timeouts": null,
            "virtual_network_name": "hubvnet"
          },
          "private": "eyJlMmJmYjczMC1lY2FhLTExZTYtOGY4OC0zNDM2M2JjN2M0YzAiOnsiY3JlYXRlIjoxODAwMDAwMDAwMDAwLCJkZWxldGUiOjE4MDAwMDAwMDAwMDAsInJlYWQiOjMwMDAwMDAwMDAwMCwidXBkYXRlIjoxODAwMDAwMDAwMDAwfX0=",
          "dependencies": [
            "azurerm_resource_group.rg",
            "azurerm_virtual_network.hubvnet"
          ]
        }
      ]
    },
    {
      "mode": "managed",
      "type": "azurerm_subnet",
      "name": "managementsubnet",
      "provider": "provider.azurerm",
      "instances": [
        {
          "schema_version": 0,
          "attributes": {
            "address_prefix": "10.0.2.0/24",
            "address_prefixes": [
              "10.0.2.0/24"
            ],
            "delegation": [],
            "enforce_private_link_endpoint_network_policies": false,
            "enforce_private_link_service_network_policies": false,
            "id": "/subscriptions/ff04471a-bb4c-4a06-9ff0-fda4c38e5fbd/resourceGroups/AzFirewall-Handson-RG-local/providers/Microsoft.Network/virtualNetworks/hubvnet/subnets/managementsubnet",
            "name": "managementsubnet",
            "resource_group_name": "AzFirewall-Handson-RG-local",
            "service_endpoints": null,
            "timeouts": null,
            "virtual_network_name": "hubvnet"
          },
          "private": "eyJlMmJmYjczMC1lY2FhLTExZTYtOGY4OC0zNDM2M2JjN2M0YzAiOnsiY3JlYXRlIjoxODAwMDAwMDAwMDAwLCJkZWxldGUiOjE4MDAwMDAwMDAwMDAsInJlYWQiOjMwMDAwMDAwMDAwMCwidXBkYXRlIjoxODAwMDAwMDAwMDAwfX0=",
          "dependencies": [
            "azurerm_resource_group.rg",
            "azurerm_virtual_network.hubvnet"
          ]
        }
      ]
    },
    {
      "mode": "managed",
      "type": "azurerm_subnet",
      "name": "onpremSubnet",
      "provider": "provider.azurerm",
      "instances": [
        {
          "schema_version": 0,
          "attributes": {
            "address_prefix": "192.168.1.0/24",
            "address_prefixes": [
              "192.168.1.0/24"
            ],
            "delegation": [],
            "enforce_private_link_endpoint_network_policies": false,
            "enforce_private_link_service_network_policies": false,
            "id": "/subscriptions/ff04471a-bb4c-4a06-9ff0-fda4c38e5fbd/resourceGroups/AzFirewall-Handson-RG-local/providers/Microsoft.Network/virtualNetworks/onpremvnet/subnets/onpremSubnet",
            "name": "onpremSubnet",
            "resource_group_name": "AzFirewall-Handson-RG-local",
            "service_endpoints": null,
            "timeouts": null,
            "virtual_network_name": "onpremvnet"
          },
          "private": "eyJlMmJmYjczMC1lY2FhLTExZTYtOGY4OC0zNDM2M2JjN2M0YzAiOnsiY3JlYXRlIjoxODAwMDAwMDAwMDAwLCJkZWxldGUiOjE4MDAwMDAwMDAwMDAsInJlYWQiOjMwMDAwMDAwMDAwMCwidXBkYXRlIjoxODAwMDAwMDAwMDAwfX0=",
          "dependencies": [
            "azurerm_resource_group.rg",
            "azurerm_virtual_network.onpremvnet"
          ]
        }
      ]
    },
    {
      "mode": "managed",
      "type": "azurerm_subnet",
      "name": "onpremgatewaysubnet",
      "provider": "provider.azurerm",
      "instances": [
        {
          "schema_version": 0,
          "attributes": {
            "address_prefix": "192.168.10.0/27",
            "address_prefixes": [
              "192.168.10.0/27"
            ],
            "delegation": [],
            "enforce_private_link_endpoint_network_policies": false,
            "enforce_private_link_service_network_policies": false,
            "id": "/subscriptions/ff04471a-bb4c-4a06-9ff0-fda4c38e5fbd/resourceGroups/AzFirewall-Handson-RG-local/providers/Microsoft.Network/virtualNetworks/onpremvnet/subnets/GatewaySubnet",
            "name": "GatewaySubnet",
            "resource_group_name": "AzFirewall-Handson-RG-local",
            "service_endpoints": null,
            "timeouts": null,
            "virtual_network_name": "onpremvnet"
          },
          "private": "eyJlMmJmYjczMC1lY2FhLTExZTYtOGY4OC0zNDM2M2JjN2M0YzAiOnsiY3JlYXRlIjoxODAwMDAwMDAwMDAwLCJkZWxldGUiOjE4MDAwMDAwMDAwMDAsInJlYWQiOjMwMDAwMDAwMDAwMCwidXBkYXRlIjoxODAwMDAwMDAwMDAwfX0=",
          "dependencies": [
            "azurerm_resource_group.rg",
            "azurerm_virtual_network.onpremvnet"
          ]
        }
      ]
    },
    {
      "mode": "managed",
      "type": "azurerm_subnet",
      "name": "websubnet",
      "provider": "provider.azurerm",
      "instances": [
        {
          "schema_version": 0,
          "attributes": {
            "address_prefix": "10.1.1.0/24",
            "address_prefixes": [
              "10.1.1.0/24"
            ],
            "delegation": [],
            "enforce_private_link_endpoint_network_policies": false,
            "enforce_private_link_service_network_policies": false,
            "id": "/subscriptions/ff04471a-bb4c-4a06-9ff0-fda4c38e5fbd/resourceGroups/AzFirewall-Handson-RG-local/providers/Microsoft.Network/virtualNetworks/spokevnet/subnets/websubnet",
            "name": "websubnet",
            "resource_group_name": "AzFirewall-Handson-RG-local",
            "service_endpoints": null,
            "timeouts": null,
            "virtual_network_name": "spokevnet"
          },
          "private": "eyJlMmJmYjczMC1lY2FhLTExZTYtOGY4OC0zNDM2M2JjN2M0YzAiOnsiY3JlYXRlIjoxODAwMDAwMDAwMDAwLCJkZWxldGUiOjE4MDAwMDAwMDAwMDAsInJlYWQiOjMwMDAwMDAwMDAwMCwidXBkYXRlIjoxODAwMDAwMDAwMDAwfX0=",
          "dependencies": [
            "azurerm_resource_group.rg",
            "azurerm_virtual_network.spokevnet"
          ]
        }
      ]
    },
    {
      "mode": "managed",
      "type": "azurerm_subnet_network_security_group_association",
      "name": "nsgmgmtsubnet",
      "provider": "provider.azurerm",
      "instances": []
    },
    {
      "mode": "managed",
      "type": "azurerm_subnet_network_security_group_association",
      "name": "nswebsubnet",
      "provider": "provider.azurerm",
      "instances": []
    },
    {
      "mode": "managed",
      "type": "azurerm_subnet_route_table_association",
      "name": "route-hubvnet-managementsubnet-ass",
      "provider": "provider.azurerm",
      "instances": []
    },
    {
      "mode": "managed",
      "type": "azurerm_subnet_route_table_association",
      "name": "route-onpremvnet-onpresubnet-ass",
      "provider": "provider.azurerm",
      "instances": []
    },
    {
      "mode": "managed",
      "type": "azurerm_subnet_route_table_association",
      "name": "route-spokevnet-websubnet-ass",
      "provider": "provider.azurerm",
      "instances": []
    },
    {
      "mode": "managed",
      "type": "azurerm_virtual_machine_extension",
      "name": "exthub",
      "provider": "provider.azurerm",
      "instances": []
    },
    {
      "mode": "managed",
      "type": "azurerm_virtual_machine_extension",
      "name": "extop",
      "provider": "provider.azurerm",
      "instances": []
    },
    {
      "mode": "managed",
      "type": "azurerm_virtual_machine_extension",
      "name": "extspoke",
      "each": "list",
      "provider": "provider.azurerm",
      "instances": []
    },
    {
      "mode": "managed",
      "type": "azurerm_virtual_network",
      "name": "hubvnet",
      "provider": "provider.azurerm",
      "instances": [
        {
          "schema_version": 0,
          "attributes": {
            "address_space": [
              "10.0.0.0/16"
            ],
            "ddos_protection_plan": [],
            "dns_servers": null,
            "guid": "73c537a9-6225-4732-9688-4ec379aa242b",
            "id": "/subscriptions/ff04471a-bb4c-4a06-9ff0-fda4c38e5fbd/resourceGroups/AzFirewall-Handson-RG-local/providers/Microsoft.Network/virtualNetworks/hubvnet",
            "location": "japaneast",
            "name": "hubvnet",
            "resource_group_name": "AzFirewall-Handson-RG-local",
            "subnet": [],
            "tags": null,
            "timeouts": null
          },
          "private": "eyJlMmJmYjczMC1lY2FhLTExZTYtOGY4OC0zNDM2M2JjN2M0YzAiOnsiY3JlYXRlIjoxODAwMDAwMDAwMDAwLCJkZWxldGUiOjE4MDAwMDAwMDAwMDAsInJlYWQiOjMwMDAwMDAwMDAwMCwidXBkYXRlIjoxODAwMDAwMDAwMDAwfX0=",
          "dependencies": [
            "azurerm_resource_group.rg"
          ]
        }
      ]
    },
    {
      "mode": "managed",
      "type": "azurerm_virtual_network",
      "name": "onpremvnet",
      "provider": "provider.azurerm",
      "instances": [
        {
          "schema_version": 0,
          "attributes": {
            "address_space": [
              "192.168.0.0/16"
            ],
            "ddos_protection_plan": [],
            "dns_servers": null,
            "guid": "6bbefdfa-396f-4aab-891e-c12b83f9d418",
            "id": "/subscriptions/ff04471a-bb4c-4a06-9ff0-fda4c38e5fbd/resourceGroups/AzFirewall-Handson-RG-local/providers/Microsoft.Network/virtualNetworks/onpremvnet",
            "location": "japaneast",
            "name": "onpremvnet",
            "resource_group_name": "AzFirewall-Handson-RG-local",
            "subnet": [],
            "tags": null,
            "timeouts": null
          },
          "private": "eyJlMmJmYjczMC1lY2FhLTExZTYtOGY4OC0zNDM2M2JjN2M0YzAiOnsiY3JlYXRlIjoxODAwMDAwMDAwMDAwLCJkZWxldGUiOjE4MDAwMDAwMDAwMDAsInJlYWQiOjMwMDAwMDAwMDAwMCwidXBkYXRlIjoxODAwMDAwMDAwMDAwfX0=",
          "dependencies": [
            "azurerm_resource_group.rg"
          ]
        }
      ]
    },
    {
      "mode": "managed",
      "type": "azurerm_virtual_network",
      "name": "spokevnet",
      "provider": "provider.azurerm",
      "instances": [
        {
          "schema_version": 0,
          "attributes": {
            "address_space": [
              "10.1.0.0/16"
            ],
            "ddos_protection_plan": [],
            "dns_servers": null,
            "guid": "56a402e0-55e4-440c-bcdb-9c4e690ab1ca",
            "id": "/subscriptions/ff04471a-bb4c-4a06-9ff0-fda4c38e5fbd/resourceGroups/AzFirewall-Handson-RG-local/providers/Microsoft.Network/virtualNetworks/spokevnet",
            "location": "japaneast",
            "name": "spokevnet",
            "resource_group_name": "AzFirewall-Handson-RG-local",
            "subnet": [],
            "tags": null,
            "timeouts": null
          },
          "private": "eyJlMmJmYjczMC1lY2FhLTExZTYtOGY4OC0zNDM2M2JjN2M0YzAiOnsiY3JlYXRlIjoxODAwMDAwMDAwMDAwLCJkZWxldGUiOjE4MDAwMDAwMDAwMDAsInJlYWQiOjMwMDAwMDAwMDAwMCwidXBkYXRlIjoxODAwMDAwMDAwMDAwfX0=",
          "dependencies": [
            "azurerm_resource_group.rg"
          ]
        }
      ]
    },
    {
      "mode": "managed",
      "type": "azurerm_virtual_network_gateway",
      "name": "hubvpngw",
      "provider": "provider.azurerm",
      "instances": [
        {
          "schema_version": 0,
          "attributes": {
            "active_active": false,
            "bgp_settings": [
              {
                "asn": 65515,
                "peer_weight": 0,
                "peering_address": "10.0.1.30"
              }
            ],
            "default_local_network_gateway_id": null,
            "enable_bgp": false,
            "generation": "Generation1",
            "id": "/subscriptions/ff04471a-bb4c-4a06-9ff0-fda4c38e5fbd/resourceGroups/AzFirewall-Handson-RG-local/providers/Microsoft.Network/virtualNetworkGateways/hubvpngw",
            "ip_configuration": [
              {
                "name": "vnetGatewayConfig",
                "private_ip_address_allocation": "Dynamic",
                "public_ip_address_id": "/subscriptions/ff04471a-bb4c-4a06-9ff0-fda4c38e5fbd/resourceGroups/AzFirewall-Handson-RG-local/providers/Microsoft.Network/publicIPAddresses/hubvpngw-pip",
                "subnet_id": "/subscriptions/ff04471a-bb4c-4a06-9ff0-fda4c38e5fbd/resourceGroups/AzFirewall-Handson-RG-local/providers/Microsoft.Network/virtualNetworks/hubvnet/subnets/GatewaySubnet"
              }
            ],
            "location": "japaneast",
            "name": "hubvpngw",
            "resource_group_name": "AzFirewall-Handson-RG-local",
            "sku": "Basic",
            "tags": null,
            "timeouts": null,
            "type": "Vpn",
            "vpn_client_configuration": [],
            "vpn_type": "RouteBased"
          },
          "private": "eyJlMmJmYjczMC1lY2FhLTExZTYtOGY4OC0zNDM2M2JjN2M0YzAiOnsiY3JlYXRlIjozNjAwMDAwMDAwMDAwLCJkZWxldGUiOjM2MDAwMDAwMDAwMDAsInJlYWQiOjMwMDAwMDAwMDAwMCwidXBkYXRlIjozNjAwMDAwMDAwMDAwfX0=",
          "dependencies": [
            "azurerm_public_ip.hubvpngw-pip",
            "azurerm_resource_group.rg",
            "azurerm_subnet.gatewaysubnet",
            "azurerm_virtual_network.hubvnet"
          ]
        }
      ]
    },
    {
      "mode": "managed",
      "type": "azurerm_virtual_network_gateway",
      "name": "onpremvpngw",
      "provider": "provider.azurerm",
      "instances": [
        {
          "schema_version": 0,
          "attributes": {
            "active_active": false,
            "bgp_settings": [
              {
                "asn": 65515,
                "peer_weight": 0,
                "peering_address": "192.168.10.30"
              }
            ],
            "default_local_network_gateway_id": null,
            "enable_bgp": false,
            "generation": "Generation1",
            "id": "/subscriptions/ff04471a-bb4c-4a06-9ff0-fda4c38e5fbd/resourceGroups/AzFirewall-Handson-RG-local/providers/Microsoft.Network/virtualNetworkGateways/onpremvpngw",
            "ip_configuration": [
              {
                "name": "vnetGatewayConfig",
                "private_ip_address_allocation": "Dynamic",
                "public_ip_address_id": "/subscriptions/ff04471a-bb4c-4a06-9ff0-fda4c38e5fbd/resourceGroups/AzFirewall-Handson-RG-local/providers/Microsoft.Network/publicIPAddresses/onpremvpngw-pip",
                "subnet_id": "/subscriptions/ff04471a-bb4c-4a06-9ff0-fda4c38e5fbd/resourceGroups/AzFirewall-Handson-RG-local/providers/Microsoft.Network/virtualNetworks/onpremvnet/subnets/GatewaySubnet"
              }
            ],
            "location": "japaneast",
            "name": "onpremvpngw",
            "resource_group_name": "AzFirewall-Handson-RG-local",
            "sku": "Basic",
            "tags": null,
            "timeouts": null,
            "type": "Vpn",
            "vpn_client_configuration": [],
            "vpn_type": "RouteBased"
          },
          "private": "eyJlMmJmYjczMC1lY2FhLTExZTYtOGY4OC0zNDM2M2JjN2M0YzAiOnsiY3JlYXRlIjozNjAwMDAwMDAwMDAwLCJkZWxldGUiOjM2MDAwMDAwMDAwMDAsInJlYWQiOjMwMDAwMDAwMDAwMCwidXBkYXRlIjozNjAwMDAwMDAwMDAwfX0=",
          "dependencies": [
            "azurerm_public_ip.onpremvpngw-pip",
            "azurerm_resource_group.rg",
            "azurerm_subnet.onpremgatewaysubnet",
            "azurerm_virtual_network.onpremvnet"
          ]
        }
      ]
    },
    {
      "mode": "managed",
      "type": "azurerm_virtual_network_gateway_connection",
      "name": "Hub-to-Onprem-vpn",
      "provider": "provider.azurerm",
      "instances": [
        {
          "schema_version": 0,
          "attributes": {
            "authorization_key": null,
            "connection_protocol": "IKEv2",
            "enable_bgp": false,
            "express_route_circuit_id": null,
            "express_route_gateway_bypass": false,
            "id": "/subscriptions/ff04471a-bb4c-4a06-9ff0-fda4c38e5fbd/resourceGroups/AzFirewall-Handson-RG-local/providers/Microsoft.Network/connections/Hub-to-Onprem-vpn",
            "ipsec_policy": [],
            "local_network_gateway_id": null,
            "location": "japaneast",
            "name": "Hub-to-Onprem-vpn",
            "peer_virtual_network_gateway_id": "/subscriptions/ff04471a-bb4c-4a06-9ff0-fda4c38e5fbd/resourceGroups/AzFirewall-Handson-RG-local/providers/Microsoft.Network/virtualNetworkGateways/onpremvpngw",
            "resource_group_name": "AzFirewall-Handson-RG-local",
            "routing_weight": 0,
            "shared_key": "4-v3ry-53cr37-1p53c-5h4r3d-k3y",
            "tags": null,
            "timeouts": null,
            "traffic_selector_policy": [],
            "type": "Vnet2Vnet",
            "use_policy_based_traffic_selectors": false,
            "virtual_network_gateway_id": "/subscriptions/ff04471a-bb4c-4a06-9ff0-fda4c38e5fbd/resourceGroups/AzFirewall-Handson-RG-local/providers/Microsoft.Network/virtualNetworkGateways/hubvpngw"
          },
          "private": "eyJlMmJmYjczMC1lY2FhLTExZTYtOGY4OC0zNDM2M2JjN2M0YzAiOnsiY3JlYXRlIjoxODAwMDAwMDAwMDAwLCJkZWxldGUiOjE4MDAwMDAwMDAwMDAsInJlYWQiOjMwMDAwMDAwMDAwMCwidXBkYXRlIjoxODAwMDAwMDAwMDAwfX0=",
          "dependencies": [
            "azurerm_public_ip.hubvpngw-pip",
            "azurerm_public_ip.onpremvpngw-pip",
            "azurerm_resource_group.rg",
            "azurerm_subnet.gatewaysubnet",
            "azurerm_subnet.onpremgatewaysubnet",
            "azurerm_virtual_network.hubvnet",
            "azurerm_virtual_network.onpremvnet",
            "azurerm_virtual_network_gateway.hubvpngw",
            "azurerm_virtual_network_gateway.onpremvpngw"
          ]
        }
      ]
    },
    {
      "mode": "managed",
      "type": "azurerm_virtual_network_gateway_connection",
      "name": "Onprem-to-hub-vpn",
      "provider": "provider.azurerm",
      "instances": [
        {
          "schema_version": 0,
          "attributes": {
            "authorization_key": null,
            "connection_protocol": "IKEv2",
            "enable_bgp": false,
            "express_route_circuit_id": null,
            "express_route_gateway_bypass": false,
            "id": "/subscriptions/ff04471a-bb4c-4a06-9ff0-fda4c38e5fbd/resourceGroups/AzFirewall-Handson-RG-local/providers/Microsoft.Network/connections/Onprem-to-hub-vpn",
            "ipsec_policy": [],
            "local_network_gateway_id": null,
            "location": "japaneast",
            "name": "Onprem-to-hub-vpn",
            "peer_virtual_network_gateway_id": "/subscriptions/ff04471a-bb4c-4a06-9ff0-fda4c38e5fbd/resourceGroups/AzFirewall-Handson-RG-local/providers/Microsoft.Network/virtualNetworkGateways/hubvpngw",
            "resource_group_name": "AzFirewall-Handson-RG-local",
            "routing_weight": 0,
            "shared_key": "4-v3ry-53cr37-1p53c-5h4r3d-k3y",
            "tags": null,
            "timeouts": null,
            "traffic_selector_policy": [],
            "type": "Vnet2Vnet",
            "use_policy_based_traffic_selectors": false,
            "virtual_network_gateway_id": "/subscriptions/ff04471a-bb4c-4a06-9ff0-fda4c38e5fbd/resourceGroups/AzFirewall-Handson-RG-local/providers/Microsoft.Network/virtualNetworkGateways/onpremvpngw"
          },
          "private": "eyJlMmJmYjczMC1lY2FhLTExZTYtOGY4OC0zNDM2M2JjN2M0YzAiOnsiY3JlYXRlIjoxODAwMDAwMDAwMDAwLCJkZWxldGUiOjE4MDAwMDAwMDAwMDAsInJlYWQiOjMwMDAwMDAwMDAwMCwidXBkYXRlIjoxODAwMDAwMDAwMDAwfX0=",
          "dependencies": [
            "azurerm_public_ip.hubvpngw-pip",
            "azurerm_public_ip.onpremvpngw-pip",
            "azurerm_resource_group.rg",
            "azurerm_subnet.gatewaysubnet",
            "azurerm_subnet.onpremgatewaysubnet",
            "azurerm_virtual_network.hubvnet",
            "azurerm_virtual_network.onpremvnet",
            "azurerm_virtual_network_gateway.hubvpngw",
            "azurerm_virtual_network_gateway.onpremvpngw"
          ]
        }
      ]
    },
    {
      "mode": "managed",
      "type": "azurerm_virtual_network_peering",
      "name": "Hub2Spoke",
      "provider": "provider.azurerm",
      "instances": [
        {
          "schema_version": 0,
          "attributes": {
            "allow_forwarded_traffic": true,
            "allow_gateway_transit": true,
            "allow_virtual_network_access": true,
            "id": "/subscriptions/ff04471a-bb4c-4a06-9ff0-fda4c38e5fbd/resourceGroups/AzFirewall-Handson-RG-local/providers/Microsoft.Network/virtualNetworks/hubvnet/virtualNetworkPeerings/Hub2Spoke",
            "name": "Hub2Spoke",
            "remote_virtual_network_id": "/subscriptions/ff04471a-bb4c-4a06-9ff0-fda4c38e5fbd/resourceGroups/AzFirewall-Handson-RG-local/providers/Microsoft.Network/virtualNetworks/spokevnet",
            "resource_group_name": "AzFirewall-Handson-RG-local",
            "timeouts": null,
            "use_remote_gateways": false,
            "virtual_network_name": "hubvnet"
          },
          "private": "eyJlMmJmYjczMC1lY2FhLTExZTYtOGY4OC0zNDM2M2JjN2M0YzAiOnsiY3JlYXRlIjoxODAwMDAwMDAwMDAwLCJkZWxldGUiOjE4MDAwMDAwMDAwMDAsInJlYWQiOjMwMDAwMDAwMDAwMCwidXBkYXRlIjoxODAwMDAwMDAwMDAwfX0=",
          "dependencies": [
            "azurerm_public_ip.hubvpngw-pip",
            "azurerm_public_ip.onpremvpngw-pip",
            "azurerm_resource_group.rg",
            "azurerm_subnet.gatewaysubnet",
            "azurerm_subnet.onpremgatewaysubnet",
            "azurerm_virtual_network.hubvnet",
            "azurerm_virtual_network.onpremvnet",
            "azurerm_virtual_network.spokevnet",
            "azurerm_virtual_network_gateway.hubvpngw",
            "azurerm_virtual_network_gateway.onpremvpngw",
            "azurerm_virtual_network_gateway_connection.Hub-to-Onprem-vpn",
            "azurerm_virtual_network_gateway_connection.Onprem-to-hub-vpn"
          ]
        }
      ]
    },
    {
      "mode": "managed",
      "type": "azurerm_virtual_network_peering",
      "name": "Spoke2Hub",
      "provider": "provider.azurerm",
      "instances": [
        {
          "schema_version": 0,
          "attributes": {
            "allow_forwarded_traffic": true,
            "allow_gateway_transit": false,
            "allow_virtual_network_access": true,
            "id": "/subscriptions/ff04471a-bb4c-4a06-9ff0-fda4c38e5fbd/resourceGroups/AzFirewall-Handson-RG-local/providers/Microsoft.Network/virtualNetworks/spokevnet/virtualNetworkPeerings/Spoke2Hub",
            "name": "Spoke2Hub",
            "remote_virtual_network_id": "/subscriptions/ff04471a-bb4c-4a06-9ff0-fda4c38e5fbd/resourceGroups/AzFirewall-Handson-RG-local/providers/Microsoft.Network/virtualNetworks/hubvnet",
            "resource_group_name": "AzFirewall-Handson-RG-local",
            "timeouts": null,
            "use_remote_gateways": true,
            "virtual_network_name": "spokevnet"
          },
          "private": "eyJlMmJmYjczMC1lY2FhLTExZTYtOGY4OC0zNDM2M2JjN2M0YzAiOnsiY3JlYXRlIjoxODAwMDAwMDAwMDAwLCJkZWxldGUiOjE4MDAwMDAwMDAwMDAsInJlYWQiOjMwMDAwMDAwMDAwMCwidXBkYXRlIjoxODAwMDAwMDAwMDAwfX0=",
          "dependencies": [
            "azurerm_public_ip.hubvpngw-pip",
            "azurerm_public_ip.onpremvpngw-pip",
            "azurerm_resource_group.rg",
            "azurerm_subnet.gatewaysubnet",
            "azurerm_subnet.onpremgatewaysubnet",
            "azurerm_virtual_network.hubvnet",
            "azurerm_virtual_network.onpremvnet",
            "azurerm_virtual_network.spokevnet",
            "azurerm_virtual_network_gateway.hubvpngw",
            "azurerm_virtual_network_gateway.onpremvpngw",
            "azurerm_virtual_network_gateway_connection.Hub-to-Onprem-vpn",
            "azurerm_virtual_network_gateway_connection.Onprem-to-hub-vpn"
          ]
        }
      ]
    },
    {
      "mode": "managed",
      "type": "azurerm_windows_virtual_machine",
      "name": "vmspoke",
      "each": "list",
      "provider": "provider.azurerm",
      "instances": []
    },
    {
      "mode": "managed",
      "type": "random_id",
      "name": "randomId",
      "provider": "provider.random",
      "instances": [
        {
          "schema_version": 0,
          "attributes": {
            "b64": "XQsJLs5ggZw",
            "b64_std": "XQsJLs5ggZw=",
            "b64_url": "XQsJLs5ggZw",
            "byte_length": 8,
            "dec": "6704462566906691996",
            "hex": "5d0b092ece60819c",
            "id": "XQsJLs5ggZw",
            "keepers": {
              "resource_group": "AzFirewall-Handson-RG-local"
            },
            "prefix": null
          },
          "private": "bnVsbA==",
          "dependencies": [
            "azurerm_resource_group.rg"
          ]
        }
      ]
    }
  ]
}
